github.com/godbus/dbus/v5 v5.1.0 h1:4KLkAxT3aOY8Li4FRJe/KvhoNFFxo0m6fNuFUO8QJUk=
github.com/godbus/dbus/v5 v5.1.0/go.mod h1:xhWf0FNVPg57R7Z0UbKHbJfkEywrmjJnf7w5xrFpKfA=
github.com/jwijenbergh/eduoauth-go v1.1.2 h1:oNcytbMKan6KARZ/RMyje4Ax3LpCNsWogJNgyy9SucQ=
github.com/jwijenbergh/eduoauth-go v1.1.2/go.mod h1:HidfCfBBI7U0edu2f0tNM/4/kkm4pD+nrp6IlANo214=
github.com/jwijenbergh/purego v0.0.0-20241210143217-aeaa0bfe09e0 h1:T+RXKadM+FhXcAtRa5vL03gQkRkeqjasQQo/g0UqF1k=
github.com/jwijenbergh/purego v0.0.0-20241210143217-aeaa0bfe09e0/go.mod h1:+ekdIOEa4gfAWPhy5blgdiyIJJez3H7o/9JVV01g0yo=
github.com/jwijenbergh/puregotk v0.0.0-20250407124134-bc1a52f44fd4 h1:Mxyu7Mpr0iM8RoMYxxP2eQubiWa5FPMu7rO0Jbe+WLE=
github.com/jwijenbergh/puregotk v0.0.0-20250407124134-bc1a52f44fd4/go.mod h1:5ggTnoOSeuCaDhJmBC2GOikLtyIgViqiQdW31d+rH2o=
github.com/youmark/pkcs8 v0.0.0-20240726163527-a2c0da244d78 h1:ilQV1hzziu+LLM3zUTJ0trRztfwgjqKnBWNtSRkbmwM=
github.com/youmark/pkcs8 v0.0.0-20240726163527-a2c0da244d78/go.mod h1:aL8wCCfTfSfmXjznFBSZNN13rSJjlIOI1fUNAtF7rmI=
golang.org/x/crypto v0.38.0 h1:jt+WWG8IZlBnVbomuhg2Mdq0+BBQaHbtqHEFEigjUV8=
golang.org/x/crypto v0.38.0/go.mod h1:MvrbAqul58NNYPKnOra203SB9vpuZW0e+RRZV+Ggqjw=
golang.org/x/exp v0.0.0-20250531010427-b6e5de432a8b h1:QoALfVG9rhQ/M7vYDScfPdWjGL9dlsVVM5VGh7aKoAA=
golang.org/x/exp v0.0.0-20250531010427-b6e5de432a8b/go.mod h1:U6Lno4MTRCDY+Ba7aCcauB9T60gsv5s4ralQzP72ZoQ=
golang.org/x/sys v0.33.0 h1:q3i8TbbEz+JRD9ywIRlyRAQbM0qF7hu24q3teo2hbuw=
golang.org/x/sys v0.33.0/go.mod h1:BJP2sWEmIv4KK5OTEluFJCKSidICx8ciO85XgH3Ak8k=
golang.org/x/term v0.32.0 h1:DR4lr0TjUs3epypdhTOkMmuF5CDFJ/8pOnbzMZPQ7bg=
golang.org/x/term v0.32.0/go.mod h1:uZG1FhGx848Sqfsq4/DlJr3xGGsYMu/L5GW4abiaEPQ=
golang.org/x/text v0.25.0 h1:qVyWApTSYLk/drJRO5mDlNYskwQznZmkpV2c8q9zls4=
golang.org/x/text v0.25.0/go.mod h1:WEdwpYrmk1qmdHvhkSTNPm3app7v4rsT8F2UD6+VHIA=
software.sslmate.com/src/go-pkcs12 v0.5.0 h1:EC6R394xgENTpZ4RltKydeDUjtlM5drOYIG9c6TVj2M=
software.sslmate.com/src/go-pkcs12 v0.5.0/go.mod h1:Qiz0EyvDRJjjxGyUQa2cCNZn/wMyzrRJ/qcDXOQazLI=
