github.com/godbus/dbus/v5 v5.1.0 h1:4KLkAxT3aOY8Li4FRJe/KvhoNFFxo0m6fNuFUO8QJUk=
github.com/godbus/dbus/v5 v5.1.0/go.mod h1:xhWf0FNVPg57R7Z0UbKHbJfkEywrmjJnf7w5xrFpKfA=
github.com/jwijenbergh/eduoauth-go v0.0.0-20230524082648-1e5d1c810d35 h1:3hMLNVJ1C1xN2SSQmDKd3z0ij4aPtsZBTOKTJw1lkhc=
github.com/jwijenbergh/eduoauth-go v0.0.0-20230524082648-1e5d1c810d35/go.mod h1:HidfCfBBI7U0edu2f0tNM/4/kkm4pD+nrp6IlANo214=
github.com/jwijenbergh/purego v0.0.0-20230815104821-b26146068cfb h1:4awxvJb6O2h1I+Xe6UTjqSaaYakugL7FOXCSIt3Lq08=
github.com/jwijenbergh/purego v0.0.0-20230815104821-b26146068cfb/go.mod h1:EtQVHFqUYxSUClPLQPCNz/R3m7egkBOxwZzIkufo7EA=
github.com/jwijenbergh/puregotk v0.0.0-20230815121802-62142c4f5395 h1:VoOerjzr/KbHVp1Pwb84CX0c3WRhHfL1Kkx5icgN4lQ=
github.com/jwijenbergh/puregotk v0.0.0-20230815121802-62142c4f5395/go.mod h1:eCCRx5amXfWs9pqOkebH6jIt5KkMkriguM6a/tEKsJA=
github.com/jwijenbergh/puregotk v0.0.0-20230816162921-f979116c4c5b h1:Q9xSQdNyxrqEPg70tffZocdK9hAOGxDVytiqhOlyPKk=
github.com/jwijenbergh/puregotk v0.0.0-20230816162921-f979116c4c5b/go.mod h1:eCCRx5amXfWs9pqOkebH6jIt5KkMkriguM6a/tEKsJA=
github.com/jwijenbergh/puregotk v0.0.0-20230825110126-91c587b8ce66 h1:62ybfW+x8jqT47Lq3bGT+oQ5FkzH5RADA5byUXoFmwQ=
github.com/jwijenbergh/puregotk v0.0.0-20230825110126-91c587b8ce66/go.mod h1:eCCRx5amXfWs9pqOkebH6jIt5KkMkriguM6a/tEKsJA=
github.com/youmark/pkcs8 v0.0.0-20201027041543-1326539a0a0a h1:fZHgsYlfvtyqToslyjUt3VOPF4J7aK/3MPcK7xp3PDk=
github.com/youmark/pkcs8 v0.0.0-20201027041543-1326539a0a0a/go.mod h1:ul22v+Nro/R083muKhosV54bj5niojjWZvU8xrevuH4=
golang.org/x/crypto v0.0.0-20190308221718-c2843e01d9a2/go.mod h1:djNgcEr1/C05ACkg1iLfiJU5Ep61QUkGW8qpdssI0+w=
golang.org/x/crypto v0.0.0-20200302210943-78000ba7a073/go.mod h1:LzIPMQfyMNhhGPhUkYOs5KpL4U8rLKemX1yGLhDgUto=
golang.org/x/crypto v0.12.0 h1:tFM/ta59kqch6LlvYnPa0yx5a83cL2nHflFhYKvv9Yk=
golang.org/x/crypto v0.12.0/go.mod h1:NF0Gs7EO5K4qLn+Ylc+fih8BSTeIjAP05siRnAh98yw=
golang.org/x/exp v0.0.0-20230811145659-89c5cff77bcb h1:mIKbk8weKhSeLH2GmUTrvx8CjkyJmnU1wFmg59CUjFA=
golang.org/x/exp v0.0.0-20230811145659-89c5cff77bcb/go.mod h1:FXUEEKJgO7OQYeo8N01OfiKP8RXMtf6e8aTskBGqWdc=
golang.org/x/exp v0.0.0-20230817173708-d852ddb80c63 h1:m64FZMko/V45gv0bNmrNYoDEq8U5YUhetc9cBWKS1TQ=
golang.org/x/exp v0.0.0-20230817173708-d852ddb80c63/go.mod h1:0v4NqG35kSWCMzLaMeX+IQrlSnVE/bqGSyC2cz/9Le8=
golang.org/x/net v0.0.0-20190404232315-eb5bcb51f2a3/go.mod h1:t9HGtf8HONx5eT2rtn7q6eTqICYqUVnKs3thJo3Qplg=
golang.org/x/sys v0.0.0-20190215142949-d0b11bdaac8a/go.mod h1:STP8DvDyc/dI5b8T5hshtkjS+E42TnysNCUPdjciGhY=
golang.org/x/sys v0.0.0-20190412213103-97732733099d/go.mod h1:h1NjWce9XRLGQEsW7wpKNCjG9DtNlClVuFLEZdDNbEs=
golang.org/x/sys v0.11.0 h1:eG7RXZHdqOJ1i+0lgLgCpSXAp6M3LYlAo6osgSi0xOM=
golang.org/x/sys v0.11.0/go.mod h1:oPkhp1MJrh7nUepCBck5+mAzfO9JrbApNNgaTdGDITg=
golang.org/x/term v0.11.0 h1:F9tnn/DA/Im8nCwm+fX+1/eBwi4qFjRT++MhtVC4ZX0=
golang.org/x/term v0.11.0/go.mod h1:zC9APTIj3jG3FdV/Ons+XE1riIZXG4aZ4GTHiPZJPIU=
golang.org/x/text v0.3.0/go.mod h1:NqM8EUOU14njkJ3fqMW+pc6Ldnwhi/IjpwHt7yyuwOQ=
golang.org/x/text v0.12.0 h1:k+n5B8goJNdU7hSvEtMUz3d1Q6D/XW4COJSJR6fN0mc=
golang.org/x/text v0.12.0/go.mod h1:TvPlkZtksWOMsz7fbANvkp4WM8x/WCo/om8BMLbz+aE=
software.sslmate.com/src/go-pkcs12 v0.2.1 h1:tbT1jjaeFOF230tzOIRJ6U5S1jNqpsSyNjzDd58H3J8=
software.sslmate.com/src/go-pkcs12 v0.2.1/go.mod h1:Qiz0EyvDRJjjxGyUQa2cCNZn/wMyzrRJ/qcDXOQazLI=
